
Microsoft Visual Studio Solution File, Format Version 12.00
# Visual Studio Version 16
VisualStudioVersion = 16.0.30804.86
MinimumVisualStudioVersion = 10.0.40219.1
Project("{FAE04EC0-301F-11D3-BF4B-00C04F79EFBC}") = "FoodManagerApp", "FoodManagerApp\FoodManagerApp.csproj", "{3F40DE9A-6267-41A8-AC1E-5754AE7BFAD9}"
EndProject
Global
	GlobalSection(SolutionConfigurationPlatforms) = preSolution
		Debug|Any CPU = Debug|Any CPU
		Release|Any CPU = Release|Any CPU
	EndGlobalSection
	GlobalSection(ProjectConfigurationPlatforms) = postSolution
		{3F40DE9A-6267-41A8-AC1E-5754AE7BFAD9}.Debug|Any CPU.ActiveCfg = Debug|Any CPU
		{3F40DE9A-6267-41A8-AC1E-5754AE7BFAD9}.Debug|Any CPU.Build.0 = Debug|Any CPU
		{3F40DE9A-6267-41A8-AC1E-5754AE7BFAD9}.Release|Any CPU.ActiveCfg = Release|Any CPU
		{3F40DE9A-6267-41A8-AC1E-5754AE7BFAD9}.Release|Any CPU.Build.0 = Release|Any CPU
	EndGlobalSection
	GlobalSection(SolutionProperties) = preSolution
		HideSolutionNode = FALSE
	EndGlobalSection
	GlobalSection(ExtensibilityGlobals) = postSolution
		SolutionGuid = {3D28B9A8-77E6-4C4B-B3EE-B7DB611B75C9}
	EndGlobalSection
EndGlobal
